
Microsoft Visual Studio Solution File, Format Version 11.00
# Visual Studio 2010
Project("{FAE04EC0-301F-11D3-BF4B-00C04F79EFBC}") = "Assembly-CSharp", "Assembly-CSharp.csproj", "{89C1E479-9EB8-3A8E-2F6D-9C3A0E09289B}"
EndProject
Global
	GlobalSection(SolutionConfigurationPlatforms) = preSolution
		Debug|Any CPU = Debug|Any CPU
		Release|Any CPU = Release|Any CPU
	EndGlobalSection
	GlobalSection(ProjectConfigurationPlatforms) = postSolution
		{89C1E479-9EB8-3A8E-2F6D-9C3A0E09289B}.Debug|Any CPU.ActiveCfg = Debug|Any CPU
		{89C1E479-9EB8-3A8E-2F6D-9C3A0E09289B}.Debug|Any CPU.Build.0 = Debug|Any CPU
		{89C1E479-9EB8-3A8E-2F6D-9C3A0E09289B}.Release|Any CPU.ActiveCfg = Release|Any CPU
		{89C1E479-9EB8-3A8E-2F6D-9C3A0E09289B}.Release|Any CPU.Build.0 = Release|Any CPU
	EndGlobalSection
	GlobalSection(SolutionProperties) = preSolution
		HideSolutionNode = FALSE
	EndGlobalSection
EndGlobal
